{
  "nodes": {
    "home-manager": {
      "inputs": {
        "nixpkgs": [
          "nixpkgs"
        ]
      },
      "locked": {
        "lastModified": 1744743431,
        "narHash": "sha256-iyn/WBYDc7OtjSawbegINDe/gIkok888kQxk3aVnkgg=",
        "owner": "nix-community",
        "repo": "home-manager",
        "rev": "c61bfe3ae692f42ce688b5865fac9e0de58e1387",
        "type": "github"
      },
      "original": {
        "owner": "nix-community",
        "ref": "release-24.11",
        "repo": "home-manager",
        "type": "github"
      }
    },
    "nixpkgs": {
      "locked": {
        "lastModified": 1744440957,
        "narHash": "sha256-FHlSkNqFmPxPJvy+6fNLaNeWnF1lZSgqVCl/eWaJRc4=",
        "owner": "NixOS",
        "repo": "nixpkgs",
        "rev": "26d499fc9f1d567283d5d56fcf367edd815dba1d",
        "type": "github"
      },
      "original": {
        "owner": "NixOS",
        "ref": "nixos-24.11",
        "repo": "nixpkgs",
        "type": "github"
      }
    },
    "nvim-config": {
      "locked": {
        "lastModified": 1745358509,
        "narHash": "sha256-pEv0cP/zuKk3qbxZRCO/0ERupivvCULv0byGLyGgAuk=",
        "owner": "EnderNight",
        "repo": "nvim-config",
        "rev": "8ae5c14fe1d471fb958d81d1fd337fcfb43864d6",
        "type": "github"
      },
      "original": {
        "owner": "EnderNight",
        "ref": "nix-config",
        "repo": "nvim-config",
        "type": "github"
      }
    },
    "root": {
      "inputs": {
        "home-manager": "home-manager",
        "nixpkgs": "nixpkgs",
        "nvim-config": "nvim-config"
      }
    }
  },
  "root": "root",
  "version": 7
}
